
Microsoft Visual Studio Solution File, Format Version 12.00
Project("{FAE04EC0-301F-11D3-BF4B-00C04F79EFBC}") = "PerformanceTests", "PerformanceTests\PerformanceTests.csproj", "{DA6017C6-6358-4EDF-8677-E3DE8210EDEB}"
EndProject
Global
	GlobalSection(SolutionConfigurationPlatforms) = preSolution
		Debug|Any CPU = Debug|Any CPU
		Release|Any CPU = Release|Any CPU
	EndGlobalSection
	GlobalSection(ProjectConfigurationPlatforms) = postSolution
		{DA6017C6-6358-4EDF-8677-E3DE8210EDEB}.Debug|Any CPU.ActiveCfg = Debug|Any CPU
		{DA6017C6-6358-4EDF-8677-E3DE8210EDEB}.Debug|Any CPU.Build.0 = Debug|Any CPU
		{DA6017C6-6358-4EDF-8677-E3DE8210EDEB}.Release|Any CPU.ActiveCfg = Release|Any CPU
		{DA6017C6-6358-4EDF-8677-E3DE8210EDEB}.Release|Any CPU.Build.0 = Release|Any CPU
	EndGlobalSection
EndGlobal
