
Microsoft Visual Studio Solution File, Format Version 12.00
Project("{FAE04EC0-301F-11D3-BF4B-00C04F79EFBC}") = "PerformanceTests", "PerformanceTests\PerformanceTests.csproj", "{DA6017C6-6358-4EDF-8677-E3DE8210EDEB}"
EndProject
Project("{2150E333-8FDC-42A3-9474-1A3956D46DE8}") = "AnalyzeFileTests", "AnalyzeFileTests", "{B45B0A4C-267D-4535-A315-989F01A6E064}"
EndProject
Project("{FAE04EC0-301F-11D3-BF4B-00C04F79EFBC}") = "AnalyzeFile", "AnalyzeFileTests\AnalyzeFile\AnalyzeFile.csproj", "{7F2F89F9-82F1-49E2-B293-E505F06F7884}"
EndProject
Project("{FAE04EC0-301F-11D3-BF4B-00C04F79EFBC}") = "AnalyzeFile.Benchmark", "AnalyzeFileTests\AnalyzeFile.Benchmark\AnalyzeFile.Benchmark.csproj", "{BBA94098-4C02-4212-8ABC-6B2BAD199B09}"
EndProject
Project("{FAE04EC0-301F-11D3-BF4B-00C04F79EFBC}") = "AnalyzeFile.Core", "AnalyzeFileTests\AnalyzeFile.Core\AnalyzeFile.Core.csproj", "{F31824DF-7AAC-40C1-8C0C-46120FF0417A}"
EndProject
Project("{FAE04EC0-301F-11D3-BF4B-00C04F79EFBC}") = "AnalyzeFile.Interface", "AnalyzeFileTests\AnalyzeFile.Interface\AnalyzeFile.Interface.csproj", "{6B989616-D941-4A0A-8241-3470407569E6}"
EndProject
Project("{FAE04EC0-301F-11D3-BF4B-00C04F79EFBC}") = "AnalyzeFile.Model", "AnalyzeFileTests\AnalyzeFile.Model\AnalyzeFile.Model.csproj", "{220B093B-9E30-449D-8A70-D0D9F1B773BB}"
EndProject
Project("{FAE04EC0-301F-11D3-BF4B-00C04F79EFBC}") = "AnalyzeManyFiles.Benchmark", "AnalyzeFileTests\AnalyzeManyFiles.Benchmark\AnalyzeManyFiles.Benchmark.csproj", "{607CEF85-DA9B-4E82-A9E9-DFD5A4FF2902}"
EndProject
Project("{FAE04EC0-301F-11D3-BF4B-00C04F79EFBC}") = "AnalyzeManyFiles.Core", "AnalyzeFileTests\AnalyzeManyFiles.Core\AnalyzeManyFiles.Core.csproj", "{3E69B69A-CB22-4B75-91A1-F2435584807D}"
EndProject
Project("{FAE04EC0-301F-11D3-BF4B-00C04F79EFBC}") = "SampleData", "AnalyzeFileTests\SampleData\SampleData.csproj", "{E13698BA-61C1-461D-886E-CB70722B8602}"
EndProject
Global
	GlobalSection(SolutionConfigurationPlatforms) = preSolution
		Debug|Any CPU = Debug|Any CPU
		Release|Any CPU = Release|Any CPU
	EndGlobalSection
	GlobalSection(ProjectConfigurationPlatforms) = postSolution
		{DA6017C6-6358-4EDF-8677-E3DE8210EDEB}.Debug|Any CPU.ActiveCfg = Debug|Any CPU
		{DA6017C6-6358-4EDF-8677-E3DE8210EDEB}.Debug|Any CPU.Build.0 = Debug|Any CPU
		{DA6017C6-6358-4EDF-8677-E3DE8210EDEB}.Release|Any CPU.ActiveCfg = Release|Any CPU
		{DA6017C6-6358-4EDF-8677-E3DE8210EDEB}.Release|Any CPU.Build.0 = Release|Any CPU
		{7F2F89F9-82F1-49E2-B293-E505F06F7884}.Debug|Any CPU.ActiveCfg = Debug|Any CPU
		{7F2F89F9-82F1-49E2-B293-E505F06F7884}.Debug|Any CPU.Build.0 = Debug|Any CPU
		{7F2F89F9-82F1-49E2-B293-E505F06F7884}.Release|Any CPU.ActiveCfg = Release|Any CPU
		{7F2F89F9-82F1-49E2-B293-E505F06F7884}.Release|Any CPU.Build.0 = Release|Any CPU
		{BBA94098-4C02-4212-8ABC-6B2BAD199B09}.Debug|Any CPU.ActiveCfg = Debug|Any CPU
		{BBA94098-4C02-4212-8ABC-6B2BAD199B09}.Debug|Any CPU.Build.0 = Debug|Any CPU
		{BBA94098-4C02-4212-8ABC-6B2BAD199B09}.Release|Any CPU.ActiveCfg = Release|Any CPU
		{BBA94098-4C02-4212-8ABC-6B2BAD199B09}.Release|Any CPU.Build.0 = Release|Any CPU
		{F31824DF-7AAC-40C1-8C0C-46120FF0417A}.Debug|Any CPU.ActiveCfg = Debug|Any CPU
		{F31824DF-7AAC-40C1-8C0C-46120FF0417A}.Debug|Any CPU.Build.0 = Debug|Any CPU
		{F31824DF-7AAC-40C1-8C0C-46120FF0417A}.Release|Any CPU.ActiveCfg = Release|Any CPU
		{F31824DF-7AAC-40C1-8C0C-46120FF0417A}.Release|Any CPU.Build.0 = Release|Any CPU
		{6B989616-D941-4A0A-8241-3470407569E6}.Debug|Any CPU.ActiveCfg = Debug|Any CPU
		{6B989616-D941-4A0A-8241-3470407569E6}.Debug|Any CPU.Build.0 = Debug|Any CPU
		{6B989616-D941-4A0A-8241-3470407569E6}.Release|Any CPU.ActiveCfg = Release|Any CPU
		{6B989616-D941-4A0A-8241-3470407569E6}.Release|Any CPU.Build.0 = Release|Any CPU
		{220B093B-9E30-449D-8A70-D0D9F1B773BB}.Debug|Any CPU.ActiveCfg = Debug|Any CPU
		{220B093B-9E30-449D-8A70-D0D9F1B773BB}.Debug|Any CPU.Build.0 = Debug|Any CPU
		{220B093B-9E30-449D-8A70-D0D9F1B773BB}.Release|Any CPU.ActiveCfg = Release|Any CPU
		{220B093B-9E30-449D-8A70-D0D9F1B773BB}.Release|Any CPU.Build.0 = Release|Any CPU
		{607CEF85-DA9B-4E82-A9E9-DFD5A4FF2902}.Debug|Any CPU.ActiveCfg = Debug|Any CPU
		{607CEF85-DA9B-4E82-A9E9-DFD5A4FF2902}.Debug|Any CPU.Build.0 = Debug|Any CPU
		{607CEF85-DA9B-4E82-A9E9-DFD5A4FF2902}.Release|Any CPU.ActiveCfg = Release|Any CPU
		{607CEF85-DA9B-4E82-A9E9-DFD5A4FF2902}.Release|Any CPU.Build.0 = Release|Any CPU
		{3E69B69A-CB22-4B75-91A1-F2435584807D}.Debug|Any CPU.ActiveCfg = Debug|Any CPU
		{3E69B69A-CB22-4B75-91A1-F2435584807D}.Debug|Any CPU.Build.0 = Debug|Any CPU
		{3E69B69A-CB22-4B75-91A1-F2435584807D}.Release|Any CPU.ActiveCfg = Release|Any CPU
		{3E69B69A-CB22-4B75-91A1-F2435584807D}.Release|Any CPU.Build.0 = Release|Any CPU
		{E13698BA-61C1-461D-886E-CB70722B8602}.Debug|Any CPU.ActiveCfg = Debug|Any CPU
		{E13698BA-61C1-461D-886E-CB70722B8602}.Debug|Any CPU.Build.0 = Debug|Any CPU
		{E13698BA-61C1-461D-886E-CB70722B8602}.Release|Any CPU.ActiveCfg = Release|Any CPU
		{E13698BA-61C1-461D-886E-CB70722B8602}.Release|Any CPU.Build.0 = Release|Any CPU
	EndGlobalSection
	GlobalSection(NestedProjects) = preSolution
		{7F2F89F9-82F1-49E2-B293-E505F06F7884} = {B45B0A4C-267D-4535-A315-989F01A6E064}
		{BBA94098-4C02-4212-8ABC-6B2BAD199B09} = {B45B0A4C-267D-4535-A315-989F01A6E064}
		{F31824DF-7AAC-40C1-8C0C-46120FF0417A} = {B45B0A4C-267D-4535-A315-989F01A6E064}
		{6B989616-D941-4A0A-8241-3470407569E6} = {B45B0A4C-267D-4535-A315-989F01A6E064}
		{220B093B-9E30-449D-8A70-D0D9F1B773BB} = {B45B0A4C-267D-4535-A315-989F01A6E064}
		{607CEF85-DA9B-4E82-A9E9-DFD5A4FF2902} = {B45B0A4C-267D-4535-A315-989F01A6E064}
		{3E69B69A-CB22-4B75-91A1-F2435584807D} = {B45B0A4C-267D-4535-A315-989F01A6E064}
		{E13698BA-61C1-461D-886E-CB70722B8602} = {B45B0A4C-267D-4535-A315-989F01A6E064}
	EndGlobalSection
EndGlobal
